
Microsoft Visual Studio Solution File, Format Version 12.00
# Visual Studio Version 16
VisualStudioVersion = 16.0.31025.194
MinimumVisualStudioVersion = 10.0.40219.1
Project("{8BC9CEB8-8B4A-11D0-8D11-00A0C91BC942}") = "one", "one\one.vcxproj", "{417C620D-F930-456C-94FE-BB7BBEA95E6E}"
EndProject
Global
	GlobalSection(SolutionConfigurationPlatforms) = preSolution
		Debug|x64 = Debug|x64
		Debug|x86 = Debug|x86
		Release|x64 = Release|x64
		Release|x86 = Release|x86
	EndGlobalSection
	GlobalSection(ProjectConfigurationPlatforms) = postSolution
		{417C620D-F930-456C-94FE-BB7BBEA95E6E}.Debug|x64.ActiveCfg = Debug|x64
		{417C620D-F930-456C-94FE-BB7BBEA95E6E}.Debug|x64.Build.0 = Debug|x64
		{417C620D-F930-456C-94FE-BB7BBEA95E6E}.Debug|x86.ActiveCfg = Debug|Win32
		{417C620D-F930-456C-94FE-BB7BBEA95E6E}.Debug|x86.Build.0 = Debug|Win32
		{417C620D-F930-456C-94FE-BB7BBEA95E6E}.Release|x64.ActiveCfg = Release|x64
		{417C620D-F930-456C-94FE-BB7BBEA95E6E}.Release|x64.Build.0 = Release|x64
		{417C620D-F930-456C-94FE-BB7BBEA95E6E}.Release|x86.ActiveCfg = Release|Win32
		{417C620D-F930-456C-94FE-BB7BBEA95E6E}.Release|x86.Build.0 = Release|Win32
	EndGlobalSection
	GlobalSection(SolutionProperties) = preSolution
		HideSolutionNode = FALSE
	EndGlobalSection
	GlobalSection(ExtensibilityGlobals) = postSolution
		SolutionGuid = {BC92CB0C-F289-403A-8E6C-29D186C88554}
	EndGlobalSection
EndGlobal
